
Microsoft Visual Studio Solution File, Format Version 12.00
# Visual Studio Version 17
VisualStudioVersion = 17.10.35013.160
MinimumVisualStudioVersion = 10.0.40219.1
Project("{FAE04EC0-301F-11D3-BF4B-00C04F79EFBC}") = "ProjectFinancePortal", "ProjectFinancePortal\ProjectFinancePortal.csproj", "{8C58F91B-3EDA-4116-8659-3FD549AB4E65}"
EndProject
Global
	GlobalSection(SolutionConfigurationPlatforms) = preSolution
		Debug|Any CPU = Debug|Any CPU
		Release|Any CPU = Release|Any CPU
	EndGlobalSection
	GlobalSection(ProjectConfigurationPlatforms) = postSolution
		{8C58F91B-3EDA-4116-8659-3FD549AB4E65}.Debug|Any CPU.ActiveCfg = Debug|Any CPU
		{8C58F91B-3EDA-4116-8659-3FD549AB4E65}.Debug|Any CPU.Build.0 = Debug|Any CPU
		{8C58F91B-3EDA-4116-8659-3FD549AB4E65}.Release|Any CPU.ActiveCfg = Release|Any CPU
		{8C58F91B-3EDA-4116-8659-3FD549AB4E65}.Release|Any CPU.Build.0 = Release|Any CPU
	EndGlobalSection
	GlobalSection(SolutionProperties) = preSolution
		HideSolutionNode = FALSE
	EndGlobalSection
	GlobalSection(ExtensibilityGlobals) = postSolution
		SolutionGuid = {D658E03D-FDD4-40D2-9477-0D5773547F63}
	EndGlobalSection
EndGlobal
